
Microsoft Visual Studio Solution File, Format Version 12.00
# Visual Studio 15
VisualStudioVersion = 15.0.26730.12
MinimumVisualStudioVersion = 10.0.40219.1
Project("{FAE04EC0-301F-11D3-BF4B-00C04F79EFBC}") = "JoinQueries", "JoinQueries\JoinQueries.csproj", "{3FA6BD2E-F979-47B1-979A-24E24728E0AC}"
EndProject
Project("{FAE04EC0-301F-11D3-BF4B-00C04F79EFBC}") = "JoinQueriesWPF", "JoinQueriesWPF\JoinQueriesWPF.csproj", "{C40FACA9-DF82-4557-A4D6-774E82CEA398}"
EndProject
Global
	GlobalSection(SolutionConfigurationPlatforms) = preSolution
		Debug|Any CPU = Debug|Any CPU
		Release|Any CPU = Release|Any CPU
	EndGlobalSection
	GlobalSection(ProjectConfigurationPlatforms) = postSolution
		{3FA6BD2E-F979-47B1-979A-24E24728E0AC}.Debug|Any CPU.ActiveCfg = Debug|Any CPU
		{3FA6BD2E-F979-47B1-979A-24E24728E0AC}.Debug|Any CPU.Build.0 = Debug|Any CPU
		{3FA6BD2E-F979-47B1-979A-24E24728E0AC}.Release|Any CPU.ActiveCfg = Release|Any CPU
		{3FA6BD2E-F979-47B1-979A-24E24728E0AC}.Release|Any CPU.Build.0 = Release|Any CPU
		{C40FACA9-DF82-4557-A4D6-774E82CEA398}.Debug|Any CPU.ActiveCfg = Debug|Any CPU
		{C40FACA9-DF82-4557-A4D6-774E82CEA398}.Debug|Any CPU.Build.0 = Debug|Any CPU
		{C40FACA9-DF82-4557-A4D6-774E82CEA398}.Release|Any CPU.ActiveCfg = Release|Any CPU
		{C40FACA9-DF82-4557-A4D6-774E82CEA398}.Release|Any CPU.Build.0 = Release|Any CPU
	EndGlobalSection
	GlobalSection(SolutionProperties) = preSolution
		HideSolutionNode = FALSE
	EndGlobalSection
	GlobalSection(ExtensibilityGlobals) = postSolution
		SolutionGuid = {3D9CF44D-041C-4801-B0D1-68F038188207}
	EndGlobalSection
EndGlobal
