
Microsoft Visual Studio Solution File, Format Version 12.00
# Visual Studio Express 2012 for Web
Project("{FAE04EC0-301F-11D3-BF4B-00C04F79EFBC}") = "WelcomeRESTXMLService", "WelcomeRESTXMLService\WelcomeRESTXMLService.csproj", "{2F8AA495-D5B2-48A0-BAB0-19AE6E08E405}"
EndProject
Global
	GlobalSection(SolutionConfigurationPlatforms) = preSolution
		Debug|Any CPU = Debug|Any CPU
		Release|Any CPU = Release|Any CPU
	EndGlobalSection
	GlobalSection(ProjectConfigurationPlatforms) = postSolution
		{2F8AA495-D5B2-48A0-BAB0-19AE6E08E405}.Debug|Any CPU.ActiveCfg = Debug|Any CPU
		{2F8AA495-D5B2-48A0-BAB0-19AE6E08E405}.Debug|Any CPU.Build.0 = Debug|Any CPU
		{2F8AA495-D5B2-48A0-BAB0-19AE6E08E405}.Release|Any CPU.ActiveCfg = Release|Any CPU
		{2F8AA495-D5B2-48A0-BAB0-19AE6E08E405}.Release|Any CPU.Build.0 = Release|Any CPU
	EndGlobalSection
	GlobalSection(SolutionProperties) = preSolution
		HideSolutionNode = FALSE
	EndGlobalSection
EndGlobal
