
Microsoft Visual Studio Solution File, Format Version 12.00
# Visual Studio 15
VisualStudioVersion = 15.0.28010.2003
MinimumVisualStudioVersion = 10.0.40219.1
Project("{FAE04EC0-301F-11D3-BF4B-00C04F79EFBC}") = "CECS 475 Web App", "CECS 475 Web App\CECS 475 Web App.csproj", "{7F884A3B-47CD-48ED-8E0D-CE5139714997}"
EndProject
Global
	GlobalSection(SolutionConfigurationPlatforms) = preSolution
		Debug|Any CPU = Debug|Any CPU
		Release|Any CPU = Release|Any CPU
	EndGlobalSection
	GlobalSection(ProjectConfigurationPlatforms) = postSolution
		{7F884A3B-47CD-48ED-8E0D-CE5139714997}.Debug|Any CPU.ActiveCfg = Debug|Any CPU
		{7F884A3B-47CD-48ED-8E0D-CE5139714997}.Debug|Any CPU.Build.0 = Debug|Any CPU
		{7F884A3B-47CD-48ED-8E0D-CE5139714997}.Release|Any CPU.ActiveCfg = Release|Any CPU
		{7F884A3B-47CD-48ED-8E0D-CE5139714997}.Release|Any CPU.Build.0 = Release|Any CPU
	EndGlobalSection
	GlobalSection(SolutionProperties) = preSolution
		HideSolutionNode = FALSE
	EndGlobalSection
	GlobalSection(ExtensibilityGlobals) = postSolution
		SolutionGuid = {57182E03-6EBA-4559-BFC7-BA431B38C230}
	EndGlobalSection
EndGlobal
