
Microsoft Visual Studio Solution File, Format Version 12.00
# Visual Studio Express 2012 for Windows Desktop
Project("{FAE04EC0-301F-11D3-BF4B-00C04F79EFBC}") = "WelcomeRESTJSONClient", "WelcomeRESTJSONClient\WelcomeRESTJSONClient.csproj", "{8AEB6716-EC17-41BE-8A39-AEE06D37A43D}"
EndProject
Global
	GlobalSection(SolutionConfigurationPlatforms) = preSolution
		Debug|Any CPU = Debug|Any CPU
		Release|Any CPU = Release|Any CPU
	EndGlobalSection
	GlobalSection(ProjectConfigurationPlatforms) = postSolution
		{8AEB6716-EC17-41BE-8A39-AEE06D37A43D}.Debug|Any CPU.ActiveCfg = Debug|x86
		{8AEB6716-EC17-41BE-8A39-AEE06D37A43D}.Debug|Any CPU.Build.0 = Debug|x86
		{8AEB6716-EC17-41BE-8A39-AEE06D37A43D}.Release|Any CPU.ActiveCfg = Release|x86
	EndGlobalSection
	GlobalSection(SolutionProperties) = preSolution
		HideSolutionNode = FALSE
	EndGlobalSection
EndGlobal
